
Microsoft Visual Studio Solution File, Format Version 12.00
# Visual Studio Version 17
VisualStudioVersion = 17.9.34714.143
MinimumVisualStudioVersion = 10.0.40219.1
Project("{FAE04EC0-301F-11D3-BF4B-00C04F79EFBC}") = "DataMatriksReaderWebApp", "DataMatriksReaderWebApp\DataMatriksReaderWebApp.csproj", "{8E212F3B-3C7F-4715-A3A6-AE47B7A5126D}"
EndProject
Global
	GlobalSection(SolutionConfigurationPlatforms) = preSolution
		Debug|Any CPU = Debug|Any CPU
		Release|Any CPU = Release|Any CPU
	EndGlobalSection
	GlobalSection(ProjectConfigurationPlatforms) = postSolution
		{8E212F3B-3C7F-4715-A3A6-AE47B7A5126D}.Debug|Any CPU.ActiveCfg = Debug|Any CPU
		{8E212F3B-3C7F-4715-A3A6-AE47B7A5126D}.Debug|Any CPU.Build.0 = Debug|Any CPU
		{8E212F3B-3C7F-4715-A3A6-AE47B7A5126D}.Release|Any CPU.ActiveCfg = Release|Any CPU
		{8E212F3B-3C7F-4715-A3A6-AE47B7A5126D}.Release|Any CPU.Build.0 = Release|Any CPU
	EndGlobalSection
	GlobalSection(SolutionProperties) = preSolution
		HideSolutionNode = FALSE
	EndGlobalSection
	GlobalSection(ExtensibilityGlobals) = postSolution
		SolutionGuid = {E92898CE-E14B-4A3A-930F-7EEB7CC9CF13}
	EndGlobalSection
EndGlobal
